<Solution>
  <Project Path="Project/AgentZeroWpf/AgentZeroWpf.csproj" />
  <Project Path="Project/AgentZeroAvalonia/AgentZeroAvalonia.csproj" />
  <Project Path="Project/AgentZeroAvalonia.Tests/AgentZeroAvalonia.Tests.csproj" />
  <Configurations>
    <BuildType Name="AgentCLI" />
    <BuildType Name="Debug" />
    <BuildType Name="Release" />
  </Configurations>
  <Project Path="Project/AgentTest/AgentTest.csproj" />
  <Project Path="Project/ZeroCommon/ZeroCommon.csproj" />
  <Project Path="Project/ZeroWearable/ZeroWearable.csproj" />
  <Project Path="Project/ZeroCommon.Tests/ZeroCommon.Tests.csproj" />
  <Project Path="Project/AgentOne/AgentOne.csproj" />
  <Project Path="Project/AgentOne.Tests/AgentOne.Tests.csproj" />
</Solution>
